{
  "nodes": {
    "flake-utils": {
      "inputs": {
        "systems": "systems"
      },
      "locked": {
        "lastModified": 1731533236,
        "narHash": "sha256-l0KFg5HjrsfsO/JpG+r7fRrqm12kzFHyUHqHCVpMMbI=",
        "type": "tarball",
        "url": "http://kr2-proxy.gitwarp.top:9980/https://github.com/numtide/flake-utils/archive/refs/heads/main.zip"
      },
      "original": {
        "type": "tarball",
        "url": "http://kr2-proxy.gitwarp.top:9980/https://github.com/numtide/flake-utils/archive/refs/heads/main.zip"
      }
    },
    "nixpkgs": {
      "locked": {
        "lastModified": 1780686478,
        "narHash": "sha256-zLfvU5+FhNZVpdpAdCToKbxvJMtGWPOw1xfjkV45od0=",
        "ref": "master",
        "rev": "891eaa77f0eed53352194677991bd30978f9b0ad",
        "shallow": true,
        "type": "git",
        "url": "https://mirrors.cernet.edu.cn/nixpkgs.git"
      },
      "original": {
        "ref": "master",
        "shallow": true,
        "type": "git",
        "url": "https://mirrors.cernet.edu.cn/nixpkgs.git"
      }
    },
    "root": {
      "inputs": {
        "flake-utils": "flake-utils",
        "nixpkgs": "nixpkgs"
      }
    },
    "systems": {
      "locked": {
        "lastModified": 1681028828,
        "narHash": "sha256-Vy1rq5AaRuLzOxct8nz4T6wlgyUR7zLU309k9mBC768=",
        "owner": "nix-systems",
        "repo": "default",
        "rev": "da67096a3b9bf56a91d16901293e51ba5b49a27e",
        "type": "github"
      },
      "original": {
        "owner": "nix-systems",
        "repo": "default",
        "type": "github"
      }
    }
  },
  "root": "root",
  "version": 7
}
